
Microsoft Visual Studio Solution File, Format Version 12.00
# Visual Studio Version 16
VisualStudioVersion = 16.0.31515.178
MinimumVisualStudioVersion = 10.0.40219.1
Project("{9A19103F-16F7-4668-BE54-9A1E7A4F7556}") = "Uaine.Random", "Uaine.Random\Uaine.Random.csproj", "{4EC1643B-685D-455F-931C-1233E4F54923}"
EndProject
Project("{2150E333-8FDC-42A3-9474-1A3956D46DE8}") = "Solution Items", "Solution Items", "{E6514EF0-A75B-414F-B8E8-51EAAC1EF581}"
	ProjectSection(SolutionItems) = preProject
		changelog.txt = changelog.txt
		README.md = README.md
	EndProjectSection
EndProject
Global
	GlobalSection(SolutionConfigurationPlatforms) = preSolution
		Debug|Any CPU = Debug|Any CPU
		Release|Any CPU = Release|Any CPU
	EndGlobalSection
	GlobalSection(ProjectConfigurationPlatforms) = postSolution
		{4EC1643B-685D-455F-931C-1233E4F54923}.Debug|Any CPU.ActiveCfg = Debug|Any CPU
		{4EC1643B-685D-455F-931C-1233E4F54923}.Debug|Any CPU.Build.0 = Debug|Any CPU
		{4EC1643B-685D-455F-931C-1233E4F54923}.Release|Any CPU.ActiveCfg = Release|Any CPU
		{4EC1643B-685D-455F-931C-1233E4F54923}.Release|Any CPU.Build.0 = Release|Any CPU
	EndGlobalSection
	GlobalSection(SolutionProperties) = preSolution
		HideSolutionNode = FALSE
	EndGlobalSection
	GlobalSection(ExtensibilityGlobals) = postSolution
		SolutionGuid = {4A785321-B2B9-4743-B940-C948BCFED747}
	EndGlobalSection
EndGlobal
